PODS:
  - Alamofire (4.8.2)
  - AliyunOSSiOS (2.10.7)

DEPENDENCIES:
  - Alamofire (~> 4.8)
  - AliyunOSSiOS

SPEC REPOS:
  https://github.com/cocoapods/specs.git:
    - Alamofire
    - AliyunOSSiOS

SPEC CHECKSUMS:
  Alamofire: ae5c501addb7afdbb13687d7f2f722c78734c2d3
  AliyunOSSiOS: 602b6a4e70e62a5f0a6431c20496343141d7e66f

PODFILE CHECKSUM: 133e1f1ca839377201cab0ea15aa2ff86cab55f7

COCOAPODS: 1.7.5
