// !$*UTF8*$!
{
	archiveVersion = 1;
	classes = {
	};
	objectVersion = 51;
	objects = {

/* Begin PBXBuildFile section */
		911FFB30F800D4C0D8FCF039 /* Pods_Tahm.framework in Frameworks */ = {isa = PBXBuildFile; fileRef = 9BEC515ED743A8EC6CBB9BE1 /* Pods_Tahm.framework */; };
		A301D570231D14F4004B532A /* TencentCOS.swift in Sources */ = {isa = PBXBuildFile; fileRef = A301D56F231D14F4004B532A /* TencentCOS.swift */; };
		A301D574231D1897004B532A /* AliyunOSSTabViewItem.swift in Sources */ = {isa = PBXBuildFile; fileRef = A301D573231D1897004B532A /* AliyunOSSTabViewItem.swift */; };
		A301D576231D19EE004B532A /* AliyunOSSConfig.swift in Sources */ = {isa = PBXBuildFile; fileRef = A301D575231D19EE004B532A /* AliyunOSSConfig.swift */; };
		A301D578231D2B1F004B532A /* EditTextField.swift in Sources */ = {isa = PBXBuildFile; fileRef = A301D577231D2B1F004B532A /* EditTextField.swift */; };
		A3077F89230AAC2800B82B38 /* CoreDataManager.swift in Sources */ = {isa = PBXBuildFile; fileRef = A3077F88230AAC2800B82B38 /* CoreDataManager.swift */; };
		A3077F8C230AAC7200B82B38 /* Tahm.xcdatamodeld in Sources */ = {isa = PBXBuildFile; fileRef = A3077F8A230AAC7200B82B38 /* Tahm.xcdatamodeld */; };
		A30F5B9C2305669D002FEF84 /* UploadResult.swift in Sources */ = {isa = PBXBuildFile; fileRef = A30F5B9B2305669D002FEF84 /* UploadResult.swift */; };
		A31E8691230E7C7900877110 /* MainViewController.swift in Sources */ = {isa = PBXBuildFile; fileRef = A31E8690230E7C7900877110 /* MainViewController.swift */; };
		A322CD3022FD15A50048B9B0 /* StatusMenuDropView.swift in Sources */ = {isa = PBXBuildFile; fileRef = A322CD2F22FD15A50048B9B0 /* StatusMenuDropView.swift */; };
		A35034142313C42C00DD6E41 /* Utils.swift in Sources */ = {isa = PBXBuildFile; fileRef = A35034132313C42C00DD6E41 /* Utils.swift */; };
		A35034732317AF010017936D /* PreferencesCloudViewController.swift in Sources */ = {isa = PBXBuildFile; fileRef = A35034722317AF010017936D /* PreferencesCloudViewController.swift */; };
		A35034752317BCB50017936D /* CloudConfig.swift in Sources */ = {isa = PBXBuildFile; fileRef = A35034742317BCB50017936D /* CloudConfig.swift */; };
		A35034772317DEE10017936D /* UserDefaults+Ext.swift in Sources */ = {isa = PBXBuildFile; fileRef = A35034762317DEE10017936D /* UserDefaults+Ext.swift */; };
		A3877068230F87580014AD18 /* TabViewController.swift in Sources */ = {isa = PBXBuildFile; fileRef = A3877067230F87580014AD18 /* TabViewController.swift */; };
		A387706B230FE8900014AD18 /* UploadTabViewController.swift in Sources */ = {isa = PBXBuildFile; fileRef = A387706A230FE8900014AD18 /* UploadTabViewController.swift */; };
		A387706E230FF4B50014AD18 /* DropView.swift in Sources */ = {isa = PBXBuildFile; fileRef = A387706D230FF4B50014AD18 /* DropView.swift */; };
		A3918E6022F8041500C3DAE4 /* AppDelegate.swift in Sources */ = {isa = PBXBuildFile; fileRef = A3918E5F22F8041500C3DAE4 /* AppDelegate.swift */; };
		A3918E6422F8041600C3DAE4 /* Assets.xcassets in Resources */ = {isa = PBXBuildFile; fileRef = A3918E6322F8041600C3DAE4 /* Assets.xcassets */; };
		A3918E6722F8041600C3DAE4 /* Main.storyboard in Resources */ = {isa = PBXBuildFile; fileRef = A3918E6522F8041600C3DAE4 /* Main.storyboard */; };
		A3918E7022F8048700C3DAE4 /* StatusMenuController.swift in Sources */ = {isa = PBXBuildFile; fileRef = A3918E6F22F8048700C3DAE4 /* StatusMenuController.swift */; };
		A3918E7322F8144500C3DAE4 /* EventMonitor.swift in Sources */ = {isa = PBXBuildFile; fileRef = A3918E7222F8144500C3DAE4 /* EventMonitor.swift */; };
		A3918E7522F821E600C3DAE4 /* ImageAspectFillView.swift in Sources */ = {isa = PBXBuildFile; fileRef = A3918E7422F821E600C3DAE4 /* ImageAspectFillView.swift */; };
		A39782602313D52700F8F6D5 /* PreferencesViewController.swift in Sources */ = {isa = PBXBuildFile; fileRef = A397825F2313D52700F8F6D5 /* PreferencesViewController.swift */; };
		A39ED2DB230BE43C00F2BAB7 /* MainWindowController.swift in Sources */ = {isa = PBXBuildFile; fileRef = A39ED2DA230BE43C00F2BAB7 /* MainWindowController.swift */; };
		A3C4F443230400A100C3BF48 /* UploadClient.swift in Sources */ = {isa = PBXBuildFile; fileRef = A3C4F442230400A100C3BF48 /* UploadClient.swift */; };
		A3C55F4C230D37340072EED0 /* MenuTableCellView.swift in Sources */ = {isa = PBXBuildFile; fileRef = A3C55F4B230D37340072EED0 /* MenuTableCellView.swift */; };
		A3C55F4E230D3D330072EED0 /* MenuTable.swift in Sources */ = {isa = PBXBuildFile; fileRef = A3C55F4D230D3D330072EED0 /* MenuTable.swift */; };
		A3C8973A23010F03006EA36D /* AliyunOSS.swift in Sources */ = {isa = PBXBuildFile; fileRef = A3C8973923010F03006EA36D /* AliyunOSS.swift */; };
		A3CFC6C92318D60C00A81AE7 /* Preferences.swift in Sources */ = {isa = PBXBuildFile; fileRef = A3CFC6C82318D60C00A81AE7 /* Preferences.swift */; };
/* End PBXBuildFile section */

/* Begin PBXFileReference section */
		9BEC515ED743A8EC6CBB9BE1 /* Pods_Tahm.framework */ = {isa = PBXFileReference; explicitFileType = wrapper.framework; includeInIndex = 0; path = Pods_Tahm.framework; sourceTree = BUILT_PRODUCTS_DIR; };
		A301D56F231D14F4004B532A /* TencentCOS.swift */ = {isa = PBXFileReference; lastKnownFileType = sourcecode.swift; path = TencentCOS.swift; sourceTree = "<group>"; };
		A301D573231D1897004B532A /* AliyunOSSTabViewItem.swift */ = {isa = PBXFileReference; lastKnownFileType = sourcecode.swift; path = AliyunOSSTabViewItem.swift; sourceTree = "<group>"; };
		A301D575231D19EE004B532A /* AliyunOSSConfig.swift */ = {isa = PBXFileReference; lastKnownFileType = sourcecode.swift; path = AliyunOSSConfig.swift; sourceTree = "<group>"; };
		A301D577231D2B1F004B532A /* EditTextField.swift */ = {isa = PBXFileReference; lastKnownFileType = sourcecode.swift; path = EditTextField.swift; sourceTree = "<group>"; };
		A3077F88230AAC2800B82B38 /* CoreDataManager.swift */ = {isa = PBXFileReference; lastKnownFileType = sourcecode.swift; path = CoreDataManager.swift; sourceTree = "<group>"; };
		A3077F8B230AAC7200B82B38 /* Tahm.xcdatamodel */ = {isa = PBXFileReference; lastKnownFileType = wrapper.xcdatamodel; path = Tahm.xcdatamodel; sourceTree = "<group>"; };
		A30F5B9B2305669D002FEF84 /* UploadResult.swift */ = {isa = PBXFileReference; lastKnownFileType = sourcecode.swift; path = UploadResult.swift; sourceTree = "<group>"; };
		A31E8690230E7C7900877110 /* MainViewController.swift */ = {isa = PBXFileReference; lastKnownFileType = sourcecode.swift; path = MainViewController.swift; sourceTree = "<group>"; };
		A322CD2F22FD15A50048B9B0 /* StatusMenuDropView.swift */ = {isa = PBXFileReference; lastKnownFileType = sourcecode.swift; path = StatusMenuDropView.swift; sourceTree = "<group>"; };
		A35034132313C42C00DD6E41 /* Utils.swift */ = {isa = PBXFileReference; lastKnownFileType = sourcecode.swift; path = Utils.swift; sourceTree = "<group>"; };
		A35034722317AF010017936D /* PreferencesCloudViewController.swift */ = {isa = PBXFileReference; lastKnownFileType = sourcecode.swift; path = PreferencesCloudViewController.swift; sourceTree = "<group>"; };
		A35034742317BCB50017936D /* CloudConfig.swift */ = {isa = PBXFileReference; lastKnownFileType = sourcecode.swift; path = CloudConfig.swift; sourceTree = "<group>"; };
		A35034762317DEE10017936D /* UserDefaults+Ext.swift */ = {isa = PBXFileReference; lastKnownFileType = sourcecode.swift; path = "UserDefaults+Ext.swift"; sourceTree = "<group>"; };
		A3877067230F87580014AD18 /* TabViewController.swift */ = {isa = PBXFileReference; lastKnownFileType = sourcecode.swift; path = TabViewController.swift; sourceTree = "<group>"; };
		A387706A230FE8900014AD18 /* UploadTabViewController.swift */ = {isa = PBXFileReference; lastKnownFileType = sourcecode.swift; path = UploadTabViewController.swift; sourceTree = "<group>"; };
		A387706D230FF4B50014AD18 /* DropView.swift */ = {isa = PBXFileReference; lastKnownFileType = sourcecode.swift; path = DropView.swift; sourceTree = "<group>"; };
		A3918E5C22F8041500C3DAE4 /* Tahm.app */ = {isa = PBXFileReference; explicitFileType = wrapper.application; includeInIndex = 0; path = Tahm.app; sourceTree = BUILT_PRODUCTS_DIR; };
		A3918E5F22F8041500C3DAE4 /* AppDelegate.swift */ = {isa = PBXFileReference; lastKnownFileType = sourcecode.swift; path = AppDelegate.swift; sourceTree = "<group>"; };
		A3918E6322F8041600C3DAE4 /* Assets.xcassets */ = {isa = PBXFileReference; lastKnownFileType = folder.assetcatalog; path = Assets.xcassets; sourceTree = "<group>"; };
		A3918E6622F8041600C3DAE4 /* Base */ = {isa = PBXFileReference; lastKnownFileType = file.storyboard; name = Base; path = Base.lproj/Main.storyboard; sourceTree = "<group>"; };
		A3918E6822F8041600C3DAE4 /* Info.plist */ = {isa = PBXFileReference; lastKnownFileType = text.plist.xml; path = Info.plist; sourceTree = "<group>"; };
		A3918E6922F8041600C3DAE4 /* Tahm.entitlements */ = {isa = PBXFileReference; lastKnownFileType = text.plist.entitlements; path = Tahm.entitlements; sourceTree = "<group>"; };
		A3918E6F22F8048700C3DAE4 /* StatusMenuController.swift */ = {isa = PBXFileReference; lastKnownFileType = sourcecode.swift; path = StatusMenuController.swift; sourceTree = "<group>"; };
		A3918E7222F8144500C3DAE4 /* EventMonitor.swift */ = {isa = PBXFileReference; lastKnownFileType = sourcecode.swift; path = EventMonitor.swift; sourceTree = "<group>"; };
		A3918E7422F821E600C3DAE4 /* ImageAspectFillView.swift */ = {isa = PBXFileReference; lastKnownFileType = sourcecode.swift; path = ImageAspectFillView.swift; sourceTree = "<group>"; };
		A397825F2313D52700F8F6D5 /* PreferencesViewController.swift */ = {isa = PBXFileReference; lastKnownFileType = sourcecode.swift; path = PreferencesViewController.swift; sourceTree = "<group>"; };
		A39ED2DA230BE43C00F2BAB7 /* MainWindowController.swift */ = {isa = PBXFileReference; lastKnownFileType = sourcecode.swift; path = MainWindowController.swift; sourceTree = "<group>"; };
		A3C4F442230400A100C3BF48 /* UploadClient.swift */ = {isa = PBXFileReference; lastKnownFileType = sourcecode.swift; path = UploadClient.swift; sourceTree = "<group>"; };
		A3C55F4B230D37340072EED0 /* MenuTableCellView.swift */ = {isa = PBXFileReference; lastKnownFileType = sourcecode.swift; path = MenuTableCellView.swift; sourceTree = "<group>"; };
		A3C55F4D230D3D330072EED0 /* MenuTable.swift */ = {isa = PBXFileReference; lastKnownFileType = sourcecode.swift; path = MenuTable.swift; sourceTree = "<group>"; };
		A3C8973923010F03006EA36D /* AliyunOSS.swift */ = {isa = PBXFileReference; lastKnownFileType = sourcecode.swift; path = AliyunOSS.swift; sourceTree = "<group>"; };
		A3CFC6C82318D60C00A81AE7 /* Preferences.swift */ = {isa = PBXFileReference; lastKnownFileType = sourcecode.swift; path = Preferences.swift; sourceTree = "<group>"; };
		D3880B88D0708C635CB66871 /* Pods-Tahm.debug.xcconfig */ = {isa = PBXFileReference; includeInIndex = 1; lastKnownFileType = text.xcconfig; name = "Pods-Tahm.debug.xcconfig"; path = "Target Support Files/Pods-Tahm/Pods-Tahm.debug.xcconfig"; sourceTree = "<group>"; };
		FBEF93364D9B24A44CC6A87B /* Pods-Tahm.release.xcconfig */ = {isa = PBXFileReference; includeInIndex = 1; lastKnownFileType = text.xcconfig; name = "Pods-Tahm.release.xcconfig"; path = "Target Support Files/Pods-Tahm/Pods-Tahm.release.xcconfig"; sourceTree = "<group>"; };
/* End PBXFileReference section */

/* Begin PBXFrameworksBuildPhase section */
		A3918E5922F8041500C3DAE4 /* Frameworks */ = {
			isa = PBXFrameworksBuildPhase;
			buildActionMask = 2147483647;
			files = (
				911FFB30F800D4C0D8FCF039 /* Pods_Tahm.framework in Frameworks */,
			);
			runOnlyForDeploymentPostprocessing = 0;
		};
/* End PBXFrameworksBuildPhase section */

/* Begin PBXGroup section */
		6D079441E04F9D035BAD9292 /* Frameworks */ = {
			isa = PBXGroup;
			children = (
				9BEC515ED743A8EC6CBB9BE1 /* Pods_Tahm.framework */,
			);
			name = Frameworks;
			sourceTree = "<group>";
		};
		A342D82022FD889000D17125 /* Plugins */ = {
			isa = PBXGroup;
			children = (
				A3C8973923010F03006EA36D /* AliyunOSS.swift */,
				A301D575231D19EE004B532A /* AliyunOSSConfig.swift */,
				A301D573231D1897004B532A /* AliyunOSSTabViewItem.swift */,
				A301D56F231D14F4004B532A /* TencentCOS.swift */,
			);
			path = Plugins;
			sourceTree = "<group>";
		};
		A37E6928230683E9001D674E /* StatusMenu */ = {
			isa = PBXGroup;
			children = (
				A3918E6F22F8048700C3DAE4 /* StatusMenuController.swift */,
				A322CD2F22FD15A50048B9B0 /* StatusMenuDropView.swift */,
			);
			path = StatusMenu;
			sourceTree = "<group>";
		};
		A3877069230FE86E0014AD18 /* Tabs */ = {
			isa = PBXGroup;
			children = (
				A397825E2313D50300F8F6D5 /* Preferences */,
				A387706C230FF4910014AD18 /* Upload */,
			);
			path = Tabs;
			sourceTree = "<group>";
		};
		A387706C230FF4910014AD18 /* Upload */ = {
			isa = PBXGroup;
			children = (
				A387706A230FE8900014AD18 /* UploadTabViewController.swift */,
				A387706D230FF4B50014AD18 /* DropView.swift */,
			);
			path = Upload;
			sourceTree = "<group>";
		};
		A3918E5322F8041500C3DAE4 = {
			isa = PBXGroup;
			children = (
				A3918E5E22F8041500C3DAE4 /* Tahm */,
				A3918E5D22F8041500C3DAE4 /* Products */,
				DAE14EAD4E3FEC0A443AE456 /* Pods */,
				6D079441E04F9D035BAD9292 /* Frameworks */,
			);
			sourceTree = "<group>";
		};
		A3918E5D22F8041500C3DAE4 /* Products */ = {
			isa = PBXGroup;
			children = (
				A3918E5C22F8041500C3DAE4 /* Tahm.app */,
			);
			name = Products;
			sourceTree = "<group>";
		};
		A3918E5E22F8041500C3DAE4 /* Tahm */ = {
			isa = PBXGroup;
			children = (
				A3877069230FE86E0014AD18 /* Tabs */,
				A3C55F4A230D36E90072EED0 /* MainWindow */,
				A37E6928230683E9001D674E /* StatusMenu */,
				A342D82022FD889000D17125 /* Plugins */,
				A3918E7122F8142A00C3DAE4 /* Other */,
				A3918E5F22F8041500C3DAE4 /* AppDelegate.swift */,
				A3918E6322F8041600C3DAE4 /* Assets.xcassets */,
				A3918E6522F8041600C3DAE4 /* Main.storyboard */,
				A3918E6822F8041600C3DAE4 /* Info.plist */,
				A3918E6922F8041600C3DAE4 /* Tahm.entitlements */,
				A3077F8A230AAC7200B82B38 /* Tahm.xcdatamodeld */,
			);
			path = Tahm;
			sourceTree = "<group>";
		};
		A3918E7122F8142A00C3DAE4 /* Other */ = {
			isa = PBXGroup;
			children = (
				A3918E7222F8144500C3DAE4 /* EventMonitor.swift */,
				A3918E7422F821E600C3DAE4 /* ImageAspectFillView.swift */,
				A3C4F442230400A100C3BF48 /* UploadClient.swift */,
				A30F5B9B2305669D002FEF84 /* UploadResult.swift */,
				A3077F88230AAC2800B82B38 /* CoreDataManager.swift */,
				A35034132313C42C00DD6E41 /* Utils.swift */,
				A35034742317BCB50017936D /* CloudConfig.swift */,
				A35034762317DEE10017936D /* UserDefaults+Ext.swift */,
				A3CFC6C82318D60C00A81AE7 /* Preferences.swift */,
				A301D577231D2B1F004B532A /* EditTextField.swift */,
			);
			path = Other;
			sourceTree = "<group>";
		};
		A397825E2313D50300F8F6D5 /* Preferences */ = {
			isa = PBXGroup;
			children = (
				A397825F2313D52700F8F6D5 /* PreferencesViewController.swift */,
				A35034722317AF010017936D /* PreferencesCloudViewController.swift */,
			);
			path = Preferences;
			sourceTree = "<group>";
		};
		A3C55F4A230D36E90072EED0 /* MainWindow */ = {
			isa = PBXGroup;
			children = (
				A39ED2DA230BE43C00F2BAB7 /* MainWindowController.swift */,
				A31E8690230E7C7900877110 /* MainViewController.swift */,
				A3C55F4D230D3D330072EED0 /* MenuTable.swift */,
				A3C55F4B230D37340072EED0 /* MenuTableCellView.swift */,
				A3877067230F87580014AD18 /* TabViewController.swift */,
			);
			path = MainWindow;
			sourceTree = "<group>";
		};
		DAE14EAD4E3FEC0A443AE456 /* Pods */ = {
			isa = PBXGroup;
			children = (
				D3880B88D0708C635CB66871 /* Pods-Tahm.debug.xcconfig */,
				FBEF93364D9B24A44CC6A87B /* Pods-Tahm.release.xcconfig */,
			);
			path = Pods;
			sourceTree = "<group>";
		};
/* End PBXGroup section */

/* Begin PBXNativeTarget section */
		A3918E5B22F8041500C3DAE4 /* Tahm */ = {
			isa = PBXNativeTarget;
			buildConfigurationList = A3918E6C22F8041600C3DAE4 /* Build configuration list for PBXNativeTarget "Tahm" */;
			buildPhases = (
				1DFC9E29C7C1DE69E41B144F /* [CP] Check Pods Manifest.lock */,
				A3918E5822F8041500C3DAE4 /* Sources */,
				A3918E5922F8041500C3DAE4 /* Frameworks */,
				A3918E5A22F8041500C3DAE4 /* Resources */,
				C150432A0BCAF64927F8F579 /* [CP] Embed Pods Frameworks */,
			);
			buildRules = (
			);
			dependencies = (
			);
			name = Tahm;
			productName = Tahm;
			productReference = A3918E5C22F8041500C3DAE4 /* Tahm.app */;
			productType = "com.apple.product-type.application";
		};
/* End PBXNativeTarget section */

/* Begin PBXProject section */
		A3918E5422F8041500C3DAE4 /* Project object */ = {
			isa = PBXProject;
			attributes = {
				LastSwiftUpdateCheck = 1030;
				LastUpgradeCheck = 1030;
				ORGANIZATIONNAME = Chace;
				TargetAttributes = {
					A3918E5B22F8041500C3DAE4 = {
						CreatedOnToolsVersion = 10.3;
						SystemCapabilities = {
							com.apple.Sandbox = {
								enabled = 1;
							};
						};
					};
				};
			};
			buildConfigurationList = A3918E5722F8041500C3DAE4 /* Build configuration list for PBXProject "Tahm" */;
			compatibilityVersion = "Xcode 9.3";
			developmentRegion = en;
			hasScannedForEncodings = 0;
			knownRegions = (
				en,
				Base,
			);
			mainGroup = A3918E5322F8041500C3DAE4;
			productRefGroup = A3918E5D22F8041500C3DAE4 /* Products */;
			projectDirPath = "";
			projectRoot = "";
			targets = (
				A3918E5B22F8041500C3DAE4 /* Tahm */,
			);
		};
/* End PBXProject section */

/* Begin PBXResourcesBuildPhase section */
		A3918E5A22F8041500C3DAE4 /* Resources */ = {
			isa = PBXResourcesBuildPhase;
			buildActionMask = 2147483647;
			files = (
				A3918E6422F8041600C3DAE4 /* Assets.xcassets in Resources */,
				A3918E6722F8041600C3DAE4 /* Main.storyboard in Resources */,
			);
			runOnlyForDeploymentPostprocessing = 0;
		};
/* End PBXResourcesBuildPhase section */

/* Begin PBXShellScriptBuildPhase section */
		1DFC9E29C7C1DE69E41B144F /* [CP] Check Pods Manifest.lock */ = {
			isa = PBXShellScriptBuildPhase;
			buildActionMask = 2147483647;
			files = (
			);
			inputFileListPaths = (
			);
			inputPaths = (
				"${PODS_PODFILE_DIR_PATH}/Podfile.lock",
				"${PODS_ROOT}/Manifest.lock",
			);
			name = "[CP] Check Pods Manifest.lock";
			outputFileListPaths = (
			);
			outputPaths = (
				"$(DERIVED_FILE_DIR)/Pods-Tahm-checkManifestLockResult.txt",
			);
			runOnlyForDeploymentPostprocessing = 0;
			shellPath = /bin/sh;
			shellScript = "diff \"${PODS_PODFILE_DIR_PATH}/Podfile.lock\" \"${PODS_ROOT}/Manifest.lock\" > /dev/null\nif [ $? != 0 ] ; then\n    # print error to STDERR\n    echo \"error: The sandbox is not in sync with the Podfile.lock. Run 'pod install' or update your CocoaPods installation.\" >&2\n    exit 1\nfi\n# This output is used by Xcode 'outputs' to avoid re-running this script phase.\necho \"SUCCESS\" > \"${SCRIPT_OUTPUT_FILE_0}\"\n";
			showEnvVarsInLog = 0;
		};
		C150432A0BCAF64927F8F579 /* [CP] Embed Pods Frameworks */ = {
			isa = PBXShellScriptBuildPhase;
			buildActionMask = 2147483647;
			files = (
			);
			inputFileListPaths = (
				"${PODS_ROOT}/Target Support Files/Pods-Tahm/Pods-Tahm-frameworks-${CONFIGURATION}-input-files.xcfilelist",
			);
			name = "[CP] Embed Pods Frameworks";
			outputFileListPaths = (
				"${PODS_ROOT}/Target Support Files/Pods-Tahm/Pods-Tahm-frameworks-${CONFIGURATION}-output-files.xcfilelist",
			);
			runOnlyForDeploymentPostprocessing = 0;
			shellPath = /bin/sh;
			shellScript = "\"${PODS_ROOT}/Target Support Files/Pods-Tahm/Pods-Tahm-frameworks.sh\"\n";
			showEnvVarsInLog = 0;
		};
/* End PBXShellScriptBuildPhase section */

/* Begin PBXSourcesBuildPhase section */
		A3918E5822F8041500C3DAE4 /* Sources */ = {
			isa = PBXSourcesBuildPhase;
			buildActionMask = 2147483647;
			files = (
				A35034752317BCB50017936D /* CloudConfig.swift in Sources */,
				A322CD3022FD15A50048B9B0 /* StatusMenuDropView.swift in Sources */,
				A30F5B9C2305669D002FEF84 /* UploadResult.swift in Sources */,
				A39ED2DB230BE43C00F2BAB7 /* MainWindowController.swift in Sources */,
				A3C55F4C230D37340072EED0 /* MenuTableCellView.swift in Sources */,
				A3918E7322F8144500C3DAE4 /* EventMonitor.swift in Sources */,
				A3918E7522F821E600C3DAE4 /* ImageAspectFillView.swift in Sources */,
				A3C8973A23010F03006EA36D /* AliyunOSS.swift in Sources */,
				A35034772317DEE10017936D /* UserDefaults+Ext.swift in Sources */,
				A3877068230F87580014AD18 /* TabViewController.swift in Sources */,
				A3CFC6C92318D60C00A81AE7 /* Preferences.swift in Sources */,
				A3077F8C230AAC7200B82B38 /* Tahm.xcdatamodeld in Sources */,
				A31E8691230E7C7900877110 /* MainViewController.swift in Sources */,
				A301D578231D2B1F004B532A /* EditTextField.swift in Sources */,
				A3C55F4E230D3D330072EED0 /* MenuTable.swift in Sources */,
				A3C4F443230400A100C3BF48 /* UploadClient.swift in Sources */,
				A3918E7022F8048700C3DAE4 /* StatusMenuController.swift in Sources */,
				A35034142313C42C00DD6E41 /* Utils.swift in Sources */,
				A301D570231D14F4004B532A /* TencentCOS.swift in Sources */,
				A39782602313D52700F8F6D5 /* PreferencesViewController.swift in Sources */,
				A301D576231D19EE004B532A /* AliyunOSSConfig.swift in Sources */,
				A301D574231D1897004B532A /* AliyunOSSTabViewItem.swift in Sources */,
				A3077F89230AAC2800B82B38 /* CoreDataManager.swift in Sources */,
				A3918E6022F8041500C3DAE4 /* AppDelegate.swift in Sources */,
				A387706B230FE8900014AD18 /* UploadTabViewController.swift in Sources */,
				A387706E230FF4B50014AD18 /* DropView.swift in Sources */,
				A35034732317AF010017936D /* PreferencesCloudViewController.swift in Sources */,
			);
			runOnlyForDeploymentPostprocessing = 0;
		};
/* End PBXSourcesBuildPhase section */

/* Begin PBXVariantGroup section */
		A3918E6522F8041600C3DAE4 /* Main.storyboard */ = {
			isa = PBXVariantGroup;
			children = (
				A3918E6622F8041600C3DAE4 /* Base */,
			);
			name = Main.storyboard;
			sourceTree = "<group>";
		};
/* End PBXVariantGroup section */

/* Begin XCBuildConfiguration section */
		A3918E6A22F8041600C3DAE4 /* Debug */ = {
			isa = XCBuildConfiguration;
			buildSettings = {
				ALWAYS_SEARCH_USER_PATHS = NO;
				CLANG_ANALYZER_NONNULL = YES;
				CLANG_ANALYZER_NUMBER_OBJECT_CONVERSION = YES_AGGRESSIVE;
				CLANG_CXX_LANGUAGE_STANDARD = "gnu++14";
				CLANG_CXX_LIBRARY = "libc++";
				CLANG_ENABLE_MODULES = YES;
				CLANG_ENABLE_OBJC_ARC = YES;
				CLANG_ENABLE_OBJC_WEAK = YES;
				CLANG_WARN_BLOCK_CAPTURE_AUTORELEASING = YES;
				CLANG_WARN_BOOL_CONVERSION = YES;
				CLANG_WARN_COMMA = YES;
				CLANG_WARN_CONSTANT_CONVERSION = YES;
				CLANG_WARN_DEPRECATED_OBJC_IMPLEMENTATIONS = YES;
				CLANG_WARN_DIRECT_OBJC_ISA_USAGE = YES_ERROR;
				CLANG_WARN_DOCUMENTATION_COMMENTS = YES;
				CLANG_WARN_EMPTY_BODY = YES;
				CLANG_WARN_ENUM_CONVERSION = YES;
				CLANG_WARN_INFINITE_RECURSION = YES;
				CLANG_WARN_INT_CONVERSION = YES;
				CLANG_WARN_NON_LITERAL_NULL_CONVERSION = YES;
				CLANG_WARN_OBJC_IMPLICIT_RETAIN_SELF = YES;
				CLANG_WARN_OBJC_LITERAL_CONVERSION = YES;
				CLANG_WARN_OBJC_ROOT_CLASS = YES_ERROR;
				CLANG_WARN_RANGE_LOOP_ANALYSIS = YES;
				CLANG_WARN_STRICT_PROTOTYPES = YES;
				CLANG_WARN_SUSPICIOUS_MOVE = YES;
				CLANG_WARN_UNGUARDED_AVAILABILITY = YES_AGGRESSIVE;
				CLANG_WARN_UNREACHABLE_CODE = YES;
				CLANG_WARN__DUPLICATE_METHOD_MATCH = YES;
				CODE_SIGN_IDENTITY = "Mac Developer";
				COPY_PHASE_STRIP = NO;
				DEBUG_INFORMATION_FORMAT = dwarf;
				ENABLE_STRICT_OBJC_MSGSEND = YES;
				ENABLE_TESTABILITY = YES;
				GCC_C_LANGUAGE_STANDARD = gnu11;
				GCC_DYNAMIC_NO_PIC = NO;
				GCC_NO_COMMON_BLOCKS = YES;
				GCC_OPTIMIZATION_LEVEL = 0;
				GCC_PREPROCESSOR_DEFINITIONS = (
					"DEBUG=1",
					"$(inherited)",
				);
				GCC_WARN_64_TO_32_BIT_CONVERSION = YES;
				GCC_WARN_ABOUT_RETURN_TYPE = YES_ERROR;
				GCC_WARN_UNDECLARED_SELECTOR = YES;
				GCC_WARN_UNINITIALIZED_AUTOS = YES_AGGRESSIVE;
				GCC_WARN_UNUSED_FUNCTION = YES;
				GCC_WARN_UNUSED_VARIABLE = YES;
				MACOSX_DEPLOYMENT_TARGET = 10.13;
				MTL_ENABLE_DEBUG_INFO = INCLUDE_SOURCE;
				MTL_FAST_MATH = YES;
				ONLY_ACTIVE_ARCH = YES;
				SDKROOT = macosx;
				SWIFT_ACTIVE_COMPILATION_CONDITIONS = DEBUG;
				SWIFT_OPTIMIZATION_LEVEL = "-Onone";
			};
			name = Debug;
		};
		A3918E6B22F8041600C3DAE4 /* Release */ = {
			isa = XCBuildConfiguration;
			buildSettings = {
				ALWAYS_SEARCH_USER_PATHS = NO;
				CLANG_ANALYZER_NONNULL = YES;
				CLANG_ANALYZER_NUMBER_OBJECT_CONVERSION = YES_AGGRESSIVE;
				CLANG_CXX_LANGUAGE_STANDARD = "gnu++14";
				CLANG_CXX_LIBRARY = "libc++";
				CLANG_ENABLE_MODULES = YES;
				CLANG_ENABLE_OBJC_ARC = YES;
				CLANG_ENABLE_OBJC_WEAK = YES;
				CLANG_WARN_BLOCK_CAPTURE_AUTORELEASING = YES;
				CLANG_WARN_BOOL_CONVERSION = YES;
				CLANG_WARN_COMMA = YES;
				CLANG_WARN_CONSTANT_CONVERSION = YES;
				CLANG_WARN_DEPRECATED_OBJC_IMPLEMENTATIONS = YES;
				CLANG_WARN_DIRECT_OBJC_ISA_USAGE = YES_ERROR;
				CLANG_WARN_DOCUMENTATION_COMMENTS = YES;
				CLANG_WARN_EMPTY_BODY = YES;
				CLANG_WARN_ENUM_CONVERSION = YES;
				CLANG_WARN_INFINITE_RECURSION = YES;
				CLANG_WARN_INT_CONVERSION = YES;
				CLANG_WARN_NON_LITERAL_NULL_CONVERSION = YES;
				CLANG_WARN_OBJC_IMPLICIT_RETAIN_SELF = YES;
				CLANG_WARN_OBJC_LITERAL_CONVERSION = YES;
				CLANG_WARN_OBJC_ROOT_CLASS = YES_ERROR;
				CLANG_WARN_RANGE_LOOP_ANALYSIS = YES;
				CLANG_WARN_STRICT_PROTOTYPES = YES;
				CLANG_WARN_SUSPICIOUS_MOVE = YES;
				CLANG_WARN_UNGUARDED_AVAILABILITY = YES_AGGRESSIVE;
				CLANG_WARN_UNREACHABLE_CODE = YES;
				CLANG_WARN__DUPLICATE_METHOD_MATCH = YES;
				CODE_SIGN_IDENTITY = "Mac Developer";
				COPY_PHASE_STRIP = NO;
				DEBUG_INFORMATION_FORMAT = "dwarf-with-dsym";
				ENABLE_NS_ASSERTIONS = NO;
				ENABLE_STRICT_OBJC_MSGSEND = YES;
				GCC_C_LANGUAGE_STANDARD = gnu11;
				GCC_NO_COMMON_BLOCKS = YES;
				GCC_WARN_64_TO_32_BIT_CONVERSION = YES;
				GCC_WARN_ABOUT_RETURN_TYPE = YES_ERROR;
				GCC_WARN_UNDECLARED_SELECTOR = YES;
				GCC_WARN_UNINITIALIZED_AUTOS = YES_AGGRESSIVE;
				GCC_WARN_UNUSED_FUNCTION = YES;
				GCC_WARN_UNUSED_VARIABLE = YES;
				MACOSX_DEPLOYMENT_TARGET = 10.13;
				MTL_ENABLE_DEBUG_INFO = NO;
				MTL_FAST_MATH = YES;
				SDKROOT = macosx;
				SWIFT_COMPILATION_MODE = wholemodule;
				SWIFT_OPTIMIZATION_LEVEL = "-O";
			};
			name = Release;
		};
		A3918E6D22F8041600C3DAE4 /* Debug */ = {
			isa = XCBuildConfiguration;
			baseConfigurationReference = D3880B88D0708C635CB66871 /* Pods-Tahm.debug.xcconfig */;
			buildSettings = {
				ASSETCATALOG_COMPILER_APPICON_NAME = AppIcon;
				CODE_SIGN_ENTITLEMENTS = Tahm/Tahm.entitlements;
				CODE_SIGN_IDENTITY = "Mac Developer";
				CODE_SIGN_STYLE = Automatic;
				COMBINE_HIDPI_IMAGES = YES;
				DEVELOPMENT_TEAM = 7749M6RHTC;
				INFOPLIST_FILE = Tahm/Info.plist;
				LD_RUNPATH_SEARCH_PATHS = (
					"$(inherited)",
					"@executable_path/../Frameworks",
				);
				PRODUCT_BUNDLE_IDENTIFIER = com.yinghuoyou.Tahm;
				PRODUCT_NAME = "$(TARGET_NAME)";
				PROVISIONING_PROFILE_SPECIFIER = "";
				SWIFT_VERSION = 5.0;
			};
			name = Debug;
		};
		A3918E6E22F8041600C3DAE4 /* Release */ = {
			isa = XCBuildConfiguration;
			baseConfigurationReference = FBEF93364D9B24A44CC6A87B /* Pods-Tahm.release.xcconfig */;
			buildSettings = {
				ASSETCATALOG_COMPILER_APPICON_NAME = AppIcon;
				CODE_SIGN_ENTITLEMENTS = Tahm/Tahm.entitlements;
				CODE_SIGN_IDENTITY = "Mac Developer";
				CODE_SIGN_STYLE = Automatic;
				COMBINE_HIDPI_IMAGES = YES;
				DEVELOPMENT_TEAM = 7749M6RHTC;
				INFOPLIST_FILE = Tahm/Info.plist;
				LD_RUNPATH_SEARCH_PATHS = (
					"$(inherited)",
					"@executable_path/../Frameworks",
				);
				PRODUCT_BUNDLE_IDENTIFIER = com.yinghuoyou.Tahm;
				PRODUCT_NAME = "$(TARGET_NAME)";
				PROVISIONING_PROFILE_SPECIFIER = "";
				SWIFT_VERSION = 5.0;
			};
			name = Release;
		};
/* End XCBuildConfiguration section */

/* Begin XCConfigurationList section */
		A3918E5722F8041500C3DAE4 /* Build configuration list for PBXProject "Tahm" */ = {
			isa = XCConfigurationList;
			buildConfigurations = (
				A3918E6A22F8041600C3DAE4 /* Debug */,
				A3918E6B22F8041600C3DAE4 /* Release */,
			);
			defaultConfigurationIsVisible = 0;
			defaultConfigurationName = Release;
		};
		A3918E6C22F8041600C3DAE4 /* Build configuration list for PBXNativeTarget "Tahm" */ = {
			isa = XCConfigurationList;
			buildConfigurations = (
				A3918E6D22F8041600C3DAE4 /* Debug */,
				A3918E6E22F8041600C3DAE4 /* Release */,
			);
			defaultConfigurationIsVisible = 0;
			defaultConfigurationName = Release;
		};
/* End XCConfigurationList section */

/* Begin XCVersionGroup section */
		A3077F8A230AAC7200B82B38 /* Tahm.xcdatamodeld */ = {
			isa = XCVersionGroup;
			children = (
				A3077F8B230AAC7200B82B38 /* Tahm.xcdatamodel */,
			);
			currentVersion = A3077F8B230AAC7200B82B38 /* Tahm.xcdatamodel */;
			path = Tahm.xcdatamodeld;
			sourceTree = "<group>";
			versionGroupType = wrapper.xcdatamodel;
		};
/* End XCVersionGroup section */
	};
	rootObject = A3918E5422F8041500C3DAE4 /* Project object */;
}
